# THIS IS AN AUTOGENERATED FILE. DO NOT EDIT THIS FILE DIRECTLY.
# yarn lockfile v1


"@faker-js/faker@^6.0.0":
  version "6.0.0"
  resolved "https://registry.yarnpkg.com/@faker-js/faker/-/faker-6.0.0.tgz#b613ebf5f5ebb2ab987afb567d8b7fe860199c13"
  integrity sha512-10zLCKhp3YEmBuko71ivcMoIZcCLXgQVck6aNswX+AWwaek/L8S3yz9i8m3tHigRkcF6F2vI+qtdtyySHK+bGA==
